# @generated by Move, please check-in and do not edit manually.

[move]
version = 3
manifest_digest = "CEB6CFC2FFF5150DC9587489C2821F3A52DABFAA240C00E42595836FB948CEDB"
deps_digest = "F8BBB0CCB2491CA29A3DF03D6F92277A4F3574266507ACD77214D37ECA3F3082"
dependencies = [
  { id = "Sui", name = "Sui" },
]

[[move.package]]
id = "MoveStdlib"
source = { git = "https://github.com/MystenLabs/sui.git", rev = "framework/devnet", subdir = "crates/sui-framework/packages/move-stdlib" }

[[move.package]]
id = "Sui"
source = { git = "https://github.com/MystenLabs/sui.git", rev = "framework/devnet", subdir = "crates/sui-framework/packages/sui-framework" }

dependencies = [
  { id = "MoveStdlib", name = "MoveStdlib" },
]

[move.toolchain-version]
compiler-version = "1.38.0"
edition = "2024.beta"
flavor = "sui"

[env]

[env.Testnet]
chain-id = "4c78adac"
original-published-id = "0xedf27a96118c4918bcc770518c3189a421a692e92bdb019a9b5af770c65a22d4"
latest-published-id = "0xbbc44d93739cdcfea9a8cedf5cdc3e9e6d565d5036b8d6b207bbe5c103cbb5cd"
published-version = "2"

[env.Devnet]
chain-id = "3bc0e843"
original-published-id = "0xceb8c1c8d3e7243b4fd110d83ddc246af7ac927e7c3455551582d21d494e4a83"
latest-published-id = "0xceb8c1c8d3e7243b4fd110d83ddc246af7ac927e7c3455551582d21d494e4a83"
published-version = "1"
